<Solution>
  <Folder Name="/Solution Items/">
    <File Path="../README.md" />
    <File Path=".editorconfig" />
  </Folder>
  <Project Path="PrettyStick.Shared/PrettyStick.Shared.csproj" />
  <Project Path="PrettyStick.Desktop/PrettyStick.Desktop.csproj" />
  <Project Path="PrettyStick/PrettyStick.csproj" />
  <Project Path="ObjectViewer/ObjectViewer.csproj" />
</Solution>
